
Microsoft Visual Studio Solution File, Format Version 12.00
# Visual Studio Version 16
VisualStudioVersion = 16.0.34601.136
MinimumVisualStudioVersion = 10.0.40219.1
Project("{FAE04EC0-301F-11D3-BF4B-00C04F79EFBC}") = "26FebProject(Test)", "26FebProject(Test)\26FebProject(Test).csproj", "{5B09BD69-9C36-457F-A613-9EA20C19B988}"
EndProject
Global
	GlobalSection(SolutionConfigurationPlatforms) = preSolution
		Debug|Any CPU = Debug|Any CPU
		Release|Any CPU = Release|Any CPU
	EndGlobalSection
	GlobalSection(ProjectConfigurationPlatforms) = postSolution
		{5B09BD69-9C36-457F-A613-9EA20C19B988}.Debug|Any CPU.ActiveCfg = Debug|Any CPU
		{5B09BD69-9C36-457F-A613-9EA20C19B988}.Debug|Any CPU.Build.0 = Debug|Any CPU
		{5B09BD69-9C36-457F-A613-9EA20C19B988}.Release|Any CPU.ActiveCfg = Release|Any CPU
		{5B09BD69-9C36-457F-A613-9EA20C19B988}.Release|Any CPU.Build.0 = Release|Any CPU
	EndGlobalSection
	GlobalSection(SolutionProperties) = preSolution
		HideSolutionNode = FALSE
	EndGlobalSection
	GlobalSection(ExtensibilityGlobals) = postSolution
		SolutionGuid = {901C5294-48A6-481D-A6F5-0DFB19C09327}
	EndGlobalSection
EndGlobal
