
Microsoft Visual Studio Solution File, Format Version 12.00
# Visual Studio Version 16
VisualStudioVersion = 16.0.34601.136
MinimumVisualStudioVersion = 10.0.40219.1
Project("{FAE04EC0-301F-11D3-BF4B-00C04F79EFBC}") = "27FebConsoleApp", "27FebConsoleApp\27FebConsoleApp.csproj", "{63E89FE2-540C-4D00-9D67-F5E75CDA369D}"
EndProject
Project("{FAE04EC0-301F-11D3-BF4B-00C04F79EFBC}") = "27FebConsoleApp2", "27FebConsoleApp2\27FebConsoleApp2.csproj", "{5762EF5D-7403-4978-9233-896C4F374855}"
EndProject
Global
	GlobalSection(SolutionConfigurationPlatforms) = preSolution
		Debug|Any CPU = Debug|Any CPU
		Release|Any CPU = Release|Any CPU
	EndGlobalSection
	GlobalSection(ProjectConfigurationPlatforms) = postSolution
		{63E89FE2-540C-4D00-9D67-F5E75CDA369D}.Debug|Any CPU.ActiveCfg = Debug|Any CPU
		{63E89FE2-540C-4D00-9D67-F5E75CDA369D}.Debug|Any CPU.Build.0 = Debug|Any CPU
		{63E89FE2-540C-4D00-9D67-F5E75CDA369D}.Release|Any CPU.ActiveCfg = Release|Any CPU
		{63E89FE2-540C-4D00-9D67-F5E75CDA369D}.Release|Any CPU.Build.0 = Release|Any CPU
		{5762EF5D-7403-4978-9233-896C4F374855}.Debug|Any CPU.ActiveCfg = Debug|Any CPU
		{5762EF5D-7403-4978-9233-896C4F374855}.Debug|Any CPU.Build.0 = Debug|Any CPU
		{5762EF5D-7403-4978-9233-896C4F374855}.Release|Any CPU.ActiveCfg = Release|Any CPU
		{5762EF5D-7403-4978-9233-896C4F374855}.Release|Any CPU.Build.0 = Release|Any CPU
	EndGlobalSection
	GlobalSection(SolutionProperties) = preSolution
		HideSolutionNode = FALSE
	EndGlobalSection
	GlobalSection(ExtensibilityGlobals) = postSolution
		SolutionGuid = {C947E380-FA80-454A-8BBC-C716738A232C}
	EndGlobalSection
EndGlobal
